
Microsoft Visual Studio Solution File, Format Version 12.00
# Visual Studio Version 17
VisualStudioVersion = 17.9.34902.65
MinimumVisualStudioVersion = 10.0.40219.1
Project("{FAE04EC0-301F-11D3-BF4B-00C04F79EFBC}") = "LINQ_14.02.2024", "LINQ_14.02.2024\LINQ_14.02.2024.csproj", "{D082CCCC-7208-4B19-8B6D-7D2C4F8ECB15}"
EndProject
Global
	GlobalSection(SolutionConfigurationPlatforms) = preSolution
		Debug|Any CPU = Debug|Any CPU
		Release|Any CPU = Release|Any CPU
	EndGlobalSection
	GlobalSection(ProjectConfigurationPlatforms) = postSolution
		{D082CCCC-7208-4B19-8B6D-7D2C4F8ECB15}.Debug|Any CPU.ActiveCfg = Debug|Any CPU
		{D082CCCC-7208-4B19-8B6D-7D2C4F8ECB15}.Debug|Any CPU.Build.0 = Debug|Any CPU
		{D082CCCC-7208-4B19-8B6D-7D2C4F8ECB15}.Release|Any CPU.ActiveCfg = Release|Any CPU
		{D082CCCC-7208-4B19-8B6D-7D2C4F8ECB15}.Release|Any CPU.Build.0 = Release|Any CPU
	EndGlobalSection
	GlobalSection(SolutionProperties) = preSolution
		HideSolutionNode = FALSE
	EndGlobalSection
	GlobalSection(ExtensibilityGlobals) = postSolution
		SolutionGuid = {F569A6F7-4096-4351-942B-323B94CE52A9}
	EndGlobalSection
EndGlobal
