
Microsoft Visual Studio Solution File, Format Version 12.00
# Visual Studio Version 17
VisualStudioVersion = 17.8.34511.84
MinimumVisualStudioVersion = 10.0.40219.1
Project("{FAE04EC0-301F-11D3-BF4B-00C04F79EFBC}") = "SecondProject_VegetableTable", "SecondProject_VegetableTable\SecondProject_VegetableTable.csproj", "{62A4917C-FABE-4C3A-878B-29A4285901B1}"
EndProject
Global
	GlobalSection(SolutionConfigurationPlatforms) = preSolution
		Debug|Any CPU = Debug|Any CPU
		Release|Any CPU = Release|Any CPU
	EndGlobalSection
	GlobalSection(ProjectConfigurationPlatforms) = postSolution
		{62A4917C-FABE-4C3A-878B-29A4285901B1}.Debug|Any CPU.ActiveCfg = Debug|Any CPU
		{62A4917C-FABE-4C3A-878B-29A4285901B1}.Debug|Any CPU.Build.0 = Debug|Any CPU
		{62A4917C-FABE-4C3A-878B-29A4285901B1}.Release|Any CPU.ActiveCfg = Release|Any CPU
		{62A4917C-FABE-4C3A-878B-29A4285901B1}.Release|Any CPU.Build.0 = Release|Any CPU
	EndGlobalSection
	GlobalSection(SolutionProperties) = preSolution
		HideSolutionNode = FALSE
	EndGlobalSection
	GlobalSection(ExtensibilityGlobals) = postSolution
		SolutionGuid = {579E122D-9927-4C3E-9A89-6952DE126BBD}
	EndGlobalSection
EndGlobal
