
Microsoft Visual Studio Solution File, Format Version 12.00
# Visual Studio Version 17
VisualStudioVersion = 17.8.34525.116
MinimumVisualStudioVersion = 10.0.40219.1
Project("{9A19103F-16F7-4668-BE54-9A1E7A4F7556}") = "Stock_12.02.2024", "05_Stock\Stock_12.02.2024.csproj", "{1881200D-D40D-4F8C-A160-B912B973301F}"
EndProject
Global
	GlobalSection(SolutionConfigurationPlatforms) = preSolution
		Debug|Any CPU = Debug|Any CPU
		Release|Any CPU = Release|Any CPU
	EndGlobalSection
	GlobalSection(ProjectConfigurationPlatforms) = postSolution
		{1881200D-D40D-4F8C-A160-B912B973301F}.Debug|Any CPU.ActiveCfg = Debug|Any CPU
		{1881200D-D40D-4F8C-A160-B912B973301F}.Debug|Any CPU.Build.0 = Debug|Any CPU
		{1881200D-D40D-4F8C-A160-B912B973301F}.Release|Any CPU.ActiveCfg = Release|Any CPU
		{1881200D-D40D-4F8C-A160-B912B973301F}.Release|Any CPU.Build.0 = Release|Any CPU
	EndGlobalSection
	GlobalSection(SolutionProperties) = preSolution
		HideSolutionNode = FALSE
	EndGlobalSection
	GlobalSection(ExtensibilityGlobals) = postSolution
		SolutionGuid = {3DE90639-60CC-4D9A-8C98-284267505C8E}
	EndGlobalSection
EndGlobal
