
Microsoft Visual Studio Solution File, Format Version 12.00
# Visual Studio Version 17
VisualStudioVersion = 17.9.34902.65
MinimumVisualStudioVersion = 10.0.40219.1
Project("{FAE04EC0-301F-11D3-BF4B-00C04F79EFBC}") = "LINQ_21.02.2024_HW", "LINQ_21.02.2024_HW\LINQ_21.02.2024_HW.csproj", "{539061BA-A25C-449E-8C58-5239E93B758C}"
EndProject
Global
	GlobalSection(SolutionConfigurationPlatforms) = preSolution
		Debug|Any CPU = Debug|Any CPU
		Release|Any CPU = Release|Any CPU
	EndGlobalSection
	GlobalSection(ProjectConfigurationPlatforms) = postSolution
		{539061BA-A25C-449E-8C58-5239E93B758C}.Debug|Any CPU.ActiveCfg = Debug|Any CPU
		{539061BA-A25C-449E-8C58-5239E93B758C}.Debug|Any CPU.Build.0 = Debug|Any CPU
		{539061BA-A25C-449E-8C58-5239E93B758C}.Release|Any CPU.ActiveCfg = Release|Any CPU
		{539061BA-A25C-449E-8C58-5239E93B758C}.Release|Any CPU.Build.0 = Release|Any CPU
	EndGlobalSection
	GlobalSection(SolutionProperties) = preSolution
		HideSolutionNode = FALSE
	EndGlobalSection
	GlobalSection(ExtensibilityGlobals) = postSolution
		SolutionGuid = {AA291B4E-4FFE-4115-B100-4A4B2EC9EA1A}
	EndGlobalSection
EndGlobal
